
Microsoft Visual Studio Solution File, Format Version 12.00
# Visual Studio Version 16
VisualStudioVersion = 16.0.30804.86
MinimumVisualStudioVersion = 10.0.40219.1
Project("{F184B08F-C81C-45F6-A57F-5ABD9991F28F}") = "webapp1", "webapp1\webapp1.vbproj", "{60F2F947-E1BF-4B25-9965-1034B76E84A1}"
EndProject
Global
	GlobalSection(SolutionConfigurationPlatforms) = preSolution
		Debug|Any CPU = Debug|Any CPU
		Release|Any CPU = Release|Any CPU
	EndGlobalSection
	GlobalSection(ProjectConfigurationPlatforms) = postSolution
		{60F2F947-E1BF-4B25-9965-1034B76E84A1}.Debug|Any CPU.ActiveCfg = Debug|Any CPU
		{60F2F947-E1BF-4B25-9965-1034B76E84A1}.Debug|Any CPU.Build.0 = Debug|Any CPU
		{60F2F947-E1BF-4B25-9965-1034B76E84A1}.Release|Any CPU.ActiveCfg = Release|Any CPU
		{60F2F947-E1BF-4B25-9965-1034B76E84A1}.Release|Any CPU.Build.0 = Release|Any CPU
	EndGlobalSection
	GlobalSection(SolutionProperties) = preSolution
		HideSolutionNode = FALSE
	EndGlobalSection
	GlobalSection(ExtensibilityGlobals) = postSolution
		SolutionGuid = {EAB562EC-6084-4F9D-890B-4243E0F0182E}
	EndGlobalSection
EndGlobal
